// !$*UTF8*$!
{
	archiveVersion = 1;
	classes = {
	};
	objectVersion = 46;
	objects = {

/* Begin PBXBuildFile section */
		9D3802EA1B5FD4C800DBFDF0 /* Alamofire.swift in Sources */ = {isa = PBXBuildFile; fileRef = 9D3802E91B5FD4C800DBFDF0 /* Alamofire.swift */; };
		9D3802EC1B5FD9A100DBFDF0 /* SwiftyJSON.swift in Sources */ = {isa = PBXBuildFile; fileRef = 9D3802EB1B5FD9A100DBFDF0 /* SwiftyJSON.swift */; };
		9D3802F31B63BFB300DBFDF0 /* ShowApiModel.swift in Sources */ = {isa = PBXBuildFile; fileRef = 9D3802F21B63BFB300DBFDF0 /* ShowApiModel.swift */; };
		9D3802F51B645FF000DBFDF0 /* JokeViewController.swift in Sources */ = {isa = PBXBuildFile; fileRef = 9D3802F41B645FF000DBFDF0 /* JokeViewController.swift */; };
		9DCA65241B5E9606004A42F5 /* AppDelegate.swift in Sources */ = {isa = PBXBuildFile; fileRef = 9DCA65231B5E9606004A42F5 /* AppDelegate.swift */; };
		9DCA65261B5E9606004A42F5 /* ViewController.swift in Sources */ = {isa = PBXBuildFile; fileRef = 9DCA65251B5E9606004A42F5 /* ViewController.swift */; };
		9DCA65291B5E9606004A42F5 /* Main.storyboard in Resources */ = {isa = PBXBuildFile; fileRef = 9DCA65271B5E9606004A42F5 /* Main.storyboard */; };
		9DCA652B1B5E9606004A42F5 /* Images.xcassets in Resources */ = {isa = PBXBuildFile; fileRef = 9DCA652A1B5E9606004A42F5 /* Images.xcassets */; };
		9DCA652E1B5E9606004A42F5 /* LaunchScreen.xib in Resources */ = {isa = PBXBuildFile; fileRef = 9DCA652C1B5E9606004A42F5 /* LaunchScreen.xib */; };
		9DCA653A1B5E9606004A42F5 /* QueryPhoneNumberTests.swift in Sources */ = {isa = PBXBuildFile; fileRef = 9DCA65391B5E9606004A42F5 /* QueryPhoneNumberTests.swift */; };
/* End PBXBuildFile section */

/* Begin PBXContainerItemProxy section */
		9DCA65341B5E9606004A42F5 /* PBXContainerItemProxy */ = {
			isa = PBXContainerItemProxy;
			containerPortal = 9DCA65161B5E9606004A42F5 /* Project object */;
			proxyType = 1;
			remoteGlobalIDString = 9DCA651D1B5E9606004A42F5;
			remoteInfo = QueryPhoneNumber;
		};
/* End PBXContainerItemProxy section */

/* Begin PBXFileReference section */
		9D3802E91B5FD4C800DBFDF0 /* Alamofire.swift */ = {isa = PBXFileReference; fileEncoding = 4; lastKnownFileType = sourcecode.swift; path = Alamofire.swift; sourceTree = "<group>"; };
		9D3802EB1B5FD9A100DBFDF0 /* SwiftyJSON.swift */ = {isa = PBXFileReference; fileEncoding = 4; lastKnownFileType = sourcecode.swift; path = SwiftyJSON.swift; sourceTree = "<group>"; };
		9D3802EF1B611D6000DBFDF0 /* Objective-CBridgingHeader.h */ = {isa = PBXFileReference; lastKnownFileType = sourcecode.c.h; path = "Objective-CBridgingHeader.h"; sourceTree = "<group>"; };
		9D3802F21B63BFB300DBFDF0 /* ShowApiModel.swift */ = {isa = PBXFileReference; fileEncoding = 4; lastKnownFileType = sourcecode.swift; path = ShowApiModel.swift; sourceTree = "<group>"; };
		9D3802F41B645FF000DBFDF0 /* JokeViewController.swift */ = {isa = PBXFileReference; fileEncoding = 4; lastKnownFileType = sourcecode.swift; path = JokeViewController.swift; sourceTree = "<group>"; };
		9DCA651E1B5E9606004A42F5 /* QueryPhoneNumber.app */ = {isa = PBXFileReference; explicitFileType = wrapper.application; includeInIndex = 0; path = QueryPhoneNumber.app; sourceTree = BUILT_PRODUCTS_DIR; };
		9DCA65221B5E9606004A42F5 /* Info.plist */ = {isa = PBXFileReference; lastKnownFileType = text.plist.xml; path = Info.plist; sourceTree = "<group>"; };
		9DCA65231B5E9606004A42F5 /* AppDelegate.swift */ = {isa = PBXFileReference; lastKnownFileType = sourcecode.swift; path = AppDelegate.swift; sourceTree = "<group>"; };
		9DCA65251B5E9606004A42F5 /* ViewController.swift */ = {isa = PBXFileReference; lastKnownFileType = sourcecode.swift; path = ViewController.swift; sourceTree = "<group>"; };
		9DCA65281B5E9606004A42F5 /* Base */ = {isa = PBXFileReference; lastKnownFileType = file.storyboard; name = Base; path = Base.lproj/Main.storyboard; sourceTree = "<group>"; };
		9DCA652A1B5E9606004A42F5 /* Images.xcassets */ = {isa = PBXFileReference; lastKnownFileType = folder.assetcatalog; path = Images.xcassets; sourceTree = "<group>"; };
		9DCA652D1B5E9606004A42F5 /* Base */ = {isa = PBXFileReference; lastKnownFileType = file.xib; name = Base; path = Base.lproj/LaunchScreen.xib; sourceTree = "<group>"; };
		9DCA65331B5E9606004A42F5 /* QueryPhoneNumberTests.xctest */ = {isa = PBXFileReference; explicitFileType = wrapper.cfbundle; includeInIndex = 0; path = QueryPhoneNumberTests.xctest; sourceTree = BUILT_PRODUCTS_DIR; };
		9DCA65381B5E9606004A42F5 /* Info.plist */ = {isa = PBXFileReference; lastKnownFileType = text.plist.xml; path = Info.plist; sourceTree = "<group>"; };
		9DCA65391B5E9606004A42F5 /* QueryPhoneNumberTests.swift */ = {isa = PBXFileReference; lastKnownFileType = sourcecode.swift; path = QueryPhoneNumberTests.swift; sourceTree = "<group>"; };
/* End PBXFileReference section */

/* Begin PBXFrameworksBuildPhase section */
		9DCA651B1B5E9606004A42F5 /* Frameworks */ = {
			isa = PBXFrameworksBuildPhase;
			buildActionMask = 2147483647;
			files = (
			);
			runOnlyForDeploymentPostprocessing = 0;
		};
		9DCA65301B5E9606004A42F5 /* Frameworks */ = {
			isa = PBXFrameworksBuildPhase;
			buildActionMask = 2147483647;
			files = (
			);
			runOnlyForDeploymentPostprocessing = 0;
		};
/* End PBXFrameworksBuildPhase section */

/* Begin PBXGroup section */
		9DCA65151B5E9606004A42F5 = {
			isa = PBXGroup;
			children = (
				9D3802EF1B611D6000DBFDF0 /* Objective-CBridgingHeader.h */,
				9DCA65201B5E9606004A42F5 /* QueryPhoneNumber */,
				9DCA65361B5E9606004A42F5 /* QueryPhoneNumberTests */,
				9DCA651F1B5E9606004A42F5 /* Products */,
			);
			sourceTree = "<group>";
		};
		9DCA651F1B5E9606004A42F5 /* Products */ = {
			isa = PBXGroup;
			children = (
				9DCA651E1B5E9606004A42F5 /* QueryPhoneNumber.app */,
				9DCA65331B5E9606004A42F5 /* QueryPhoneNumberTests.xctest */,
			);
			name = Products;
			sourceTree = "<group>";
		};
		9DCA65201B5E9606004A42F5 /* QueryPhoneNumber */ = {
			isa = PBXGroup;
			children = (
				9D3802F21B63BFB300DBFDF0 /* ShowApiModel.swift */,
				9DCA65231B5E9606004A42F5 /* AppDelegate.swift */,
				9DCA65251B5E9606004A42F5 /* ViewController.swift */,
				9D3802F41B645FF000DBFDF0 /* JokeViewController.swift */,
				9DCA65271B5E9606004A42F5 /* Main.storyboard */,
				9D3802E91B5FD4C800DBFDF0 /* Alamofire.swift */,
				9D3802EB1B5FD9A100DBFDF0 /* SwiftyJSON.swift */,
				9DCA652A1B5E9606004A42F5 /* Images.xcassets */,
				9DCA652C1B5E9606004A42F5 /* LaunchScreen.xib */,
				9DCA65211B5E9606004A42F5 /* Supporting Files */,
			);
			path = QueryPhoneNumber;
			sourceTree = "<group>";
		};
		9DCA65211B5E9606004A42F5 /* Supporting Files */ = {
			isa = PBXGroup;
			children = (
				9DCA65221B5E9606004A42F5 /* Info.plist */,
			);
			name = "Supporting Files";
			sourceTree = "<group>";
		};
		9DCA65361B5E9606004A42F5 /* QueryPhoneNumberTests */ = {
			isa = PBXGroup;
			children = (
				9DCA65391B5E9606004A42F5 /* QueryPhoneNumberTests.swift */,
				9DCA65371B5E9606004A42F5 /* Supporting Files */,
			);
			path = QueryPhoneNumberTests;
			sourceTree = "<group>";
		};
		9DCA65371B5E9606004A42F5 /* Supporting Files */ = {
			isa = PBXGroup;
			children = (
				9DCA65381B5E9606004A42F5 /* Info.plist */,
			);
			name = "Supporting Files";
			sourceTree = "<group>";
		};
/* End PBXGroup section */

/* Begin PBXNativeTarget section */
		9DCA651D1B5E9606004A42F5 /* QueryPhoneNumber */ = {
			isa = PBXNativeTarget;
			buildConfigurationList = 9DCA653D1B5E9606004A42F5 /* Build configuration list for PBXNativeTarget "QueryPhoneNumber" */;
			buildPhases = (
				9DCA651A1B5E9606004A42F5 /* Sources */,
				9DCA651B1B5E9606004A42F5 /* Frameworks */,
				9DCA651C1B5E9606004A42F5 /* Resources */,
			);
			buildRules = (
			);
			dependencies = (
			);
			name = QueryPhoneNumber;
			productName = QueryPhoneNumber;
			productReference = 9DCA651E1B5E9606004A42F5 /* QueryPhoneNumber.app */;
			productType = "com.apple.product-type.application";
		};
		9DCA65321B5E9606004A42F5 /* QueryPhoneNumberTests */ = {
			isa = PBXNativeTarget;
			buildConfigurationList = 9DCA65401B5E9606004A42F5 /* Build configuration list for PBXNativeTarget "QueryPhoneNumberTests" */;
			buildPhases = (
				9DCA652F1B5E9606004A42F5 /* Sources */,
				9DCA65301B5E9606004A42F5 /* Frameworks */,
				9DCA65311B5E9606004A42F5 /* Resources */,
			);
			buildRules = (
			);
			dependencies = (
				9DCA65351B5E9606004A42F5 /* PBXTargetDependency */,
			);
			name = QueryPhoneNumberTests;
			productName = QueryPhoneNumberTests;
			productReference = 9DCA65331B5E9606004A42F5 /* QueryPhoneNumberTests.xctest */;
			productType = "com.apple.product-type.bundle.unit-test";
		};
/* End PBXNativeTarget section */

/* Begin PBXProject section */
		9DCA65161B5E9606004A42F5 /* Project object */ = {
			isa = PBXProject;
			attributes = {
				LastUpgradeCheck = 0640;
				ORGANIZATIONNAME = tujiaw;
				TargetAttributes = {
					9DCA651D1B5E9606004A42F5 = {
						CreatedOnToolsVersion = 6.4;
					};
					9DCA65321B5E9606004A42F5 = {
						CreatedOnToolsVersion = 6.4;
						TestTargetID = 9DCA651D1B5E9606004A42F5;
					};
				};
			};
			buildConfigurationList = 9DCA65191B5E9606004A42F5 /* Build configuration list for PBXProject "QueryPhoneNumber" */;
			compatibilityVersion = "Xcode 3.2";
			developmentRegion = English;
			hasScannedForEncodings = 0;
			knownRegions = (
				en,
				Base,
			);
			mainGroup = 9DCA65151B5E9606004A42F5;
			productRefGroup = 9DCA651F1B5E9606004A42F5 /* Products */;
			projectDirPath = "";
			projectRoot = "";
			targets = (
				9DCA651D1B5E9606004A42F5 /* QueryPhoneNumber */,
				9DCA65321B5E9606004A42F5 /* QueryPhoneNumberTests */,
			);
		};
/* End PBXProject section */

/* Begin PBXResourcesBuildPhase section */
		9DCA651C1B5E9606004A42F5 /* Resources */ = {
			isa = PBXResourcesBuildPhase;
			buildActionMask = 2147483647;
			files = (
				9DCA65291B5E9606004A42F5 /* Main.storyboard in Resources */,
				9DCA652E1B5E9606004A42F5 /* LaunchScreen.xib in Resources */,
				9DCA652B1B5E9606004A42F5 /* Images.xcassets in Resources */,
			);
			runOnlyForDeploymentPostprocessing = 0;
		};
		9DCA65311B5E9606004A42F5 /* Resources */ = {
			isa = PBXResourcesBuildPhase;
			buildActionMask = 2147483647;
			files = (
			);
			runOnlyForDeploymentPostprocessing = 0;
		};
/* End PBXResourcesBuildPhase section */

/* Begin PBXSourcesBuildPhase section */
		9DCA651A1B5E9606004A42F5 /* Sources */ = {
			isa = PBXSourcesBuildPhase;
			buildActionMask = 2147483647;
			files = (
				9D3802EA1B5FD4C800DBFDF0 /* Alamofire.swift in Sources */,
				9DCA65261B5E9606004A42F5 /* ViewController.swift in Sources */,
				9DCA65241B5E9606004A42F5 /* AppDelegate.swift in Sources */,
				9D3802F31B63BFB300DBFDF0 /* ShowApiModel.swift in Sources */,
				9D3802EC1B5FD9A100DBFDF0 /* SwiftyJSON.swift in Sources */,
				9D3802F51B645FF000DBFDF0 /* JokeViewController.swift in Sources */,
			);
			runOnlyForDeploymentPostprocessing = 0;
		};
		9DCA652F1B5E9606004A42F5 /* Sources */ = {
			isa = PBXSourcesBuildPhase;
			buildActionMask = 2147483647;
			files = (
				9DCA653A1B5E9606004A42F5 /* QueryPhoneNumberTests.swift in Sources */,
			);
			runOnlyForDeploymentPostprocessing = 0;
		};
/* End PBXSourcesBuildPhase section */

/* Begin PBXTargetDependency section */
		9DCA65351B5E9606004A42F5 /* PBXTargetDependency */ = {
			isa = PBXTargetDependency;
			target = 9DCA651D1B5E9606004A42F5 /* QueryPhoneNumber */;
			targetProxy = 9DCA65341B5E9606004A42F5 /* PBXContainerItemProxy */;
		};
/* End PBXTargetDependency section */

/* Begin PBXVariantGroup section */
		9DCA65271B5E9606004A42F5 /* Main.storyboard */ = {
			isa = PBXVariantGroup;
			children = (
				9DCA65281B5E9606004A42F5 /* Base */,
			);
			name = Main.storyboard;
			sourceTree = "<group>";
		};
		9DCA652C1B5E9606004A42F5 /* LaunchScreen.xib */ = {
			isa = PBXVariantGroup;
			children = (
				9DCA652D1B5E9606004A42F5 /* Base */,
			);
			name = LaunchScreen.xib;
			sourceTree = "<group>";
		};
/* End PBXVariantGroup section */

/* Begin XCBuildConfiguration section */
		9DCA653B1B5E9606004A42F5 /* Debug */ = {
			isa = XCBuildConfiguration;
			buildSettings = {
				ALWAYS_SEARCH_USER_PATHS = NO;
				CLANG_CXX_LANGUAGE_STANDARD = "gnu++0x";
				CLANG_CXX_LIBRARY = "libc++";
				CLANG_ENABLE_MODULES = YES;
				CLANG_ENABLE_OBJC_ARC = YES;
				CLANG_WARN_BOOL_CONVERSION = YES;
				CLANG_WARN_CONSTANT_CONVERSION = YES;
				CLANG_WARN_DIRECT_OBJC_ISA_USAGE = YES_ERROR;
				CLANG_WARN_EMPTY_BODY = YES;
				CLANG_WARN_ENUM_CONVERSION = YES;
				CLANG_WARN_INT_CONVERSION = YES;
				CLANG_WARN_OBJC_ROOT_CLASS = YES_ERROR;
				CLANG_WARN_UNREACHABLE_CODE = YES;
				CLANG_WARN__DUPLICATE_METHOD_MATCH = YES;
				"CODE_SIGN_IDENTITY[sdk=iphoneos*]" = "iPhone Developer";
				COPY_PHASE_STRIP = NO;
				DEBUG_INFORMATION_FORMAT = "dwarf-with-dsym";
				ENABLE_STRICT_OBJC_MSGSEND = YES;
				GCC_C_LANGUAGE_STANDARD = gnu99;
				GCC_DYNAMIC_NO_PIC = NO;
				GCC_NO_COMMON_BLOCKS = YES;
				GCC_OPTIMIZATION_LEVEL = 0;
				GCC_PREPROCESSOR_DEFINITIONS = (
					"DEBUG=1",
					"$(inherited)",
				);
				GCC_SYMBOLS_PRIVATE_EXTERN = NO;
				GCC_WARN_64_TO_32_BIT_CONVERSION = YES;
				GCC_WARN_ABOUT_RETURN_TYPE = YES_ERROR;
				GCC_WARN_UNDECLARED_SELECTOR = YES;
				GCC_WARN_UNINITIALIZED_AUTOS = YES_AGGRESSIVE;
				GCC_WARN_UNUSED_FUNCTION = YES;
				GCC_WARN_UNUSED_VARIABLE = YES;
				IPHONEOS_DEPLOYMENT_TARGET = 8.4;
				MTL_ENABLE_DEBUG_INFO = YES;
				ONLY_ACTIVE_ARCH = YES;
				SDKROOT = iphoneos;
				SWIFT_OPTIMIZATION_LEVEL = "-Onone";
			};
			name = Debug;
		};
		9DCA653C1B5E9606004A42F5 /* Release */ = {
			isa = XCBuildConfiguration;
			buildSettings = {
				ALWAYS_SEARCH_USER_PATHS = NO;
				CLANG_CXX_LANGUAGE_STANDARD = "gnu++0x";
				CLANG_CXX_LIBRARY = "libc++";
				CLANG_ENABLE_MODULES = YES;
				CLANG_ENABLE_OBJC_ARC = YES;
				CLANG_WARN_BOOL_CONVERSION = YES;
				CLANG_WARN_CONSTANT_CONVERSION = YES;
				CLANG_WARN_DIRECT_OBJC_ISA_USAGE = YES_ERROR;
				CLANG_WARN_EMPTY_BODY = YES;
				CLANG_WARN_ENUM_CONVERSION = YES;
				CLANG_WARN_INT_CONVERSION = YES;
				CLANG_WARN_OBJC_ROOT_CLASS = YES_ERROR;
				CLANG_WARN_UNREACHABLE_CODE = YES;
				CLANG_WARN__DUPLICATE_METHOD_MATCH = YES;
				"CODE_SIGN_IDENTITY[sdk=iphoneos*]" = "iPhone Developer";
				COPY_PHASE_STRIP = NO;
				DEBUG_INFORMATION_FORMAT = "dwarf-with-dsym";
				ENABLE_NS_ASSERTIONS = NO;
				ENABLE_STRICT_OBJC_MSGSEND = YES;
				GCC_C_LANGUAGE_STANDARD = gnu99;
				GCC_NO_COMMON_BLOCKS = YES;
				GCC_WARN_64_TO_32_BIT_CONVERSION = YES;
				GCC_WARN_ABOUT_RETURN_TYPE = YES_ERROR;
				GCC_WARN_UNDECLARED_SELECTOR = YES;
				GCC_WARN_UNINITIALIZED_AUTOS = YES_AGGRESSIVE;
				GCC_WARN_UNUSED_FUNCTION = YES;
				GCC_WARN_UNUSED_VARIABLE = YES;
				IPHONEOS_DEPLOYMENT_TARGET = 8.4;
				MTL_ENABLE_DEBUG_INFO = NO;
				SDKROOT = iphoneos;
				VALIDATE_PRODUCT = YES;
			};
			name = Release;
		};
		9DCA653E1B5E9606004A42F5 /* Debug */ = {
			isa = XCBuildConfiguration;
			buildSettings = {
				ASSETCATALOG_COMPILER_APPICON_NAME = AppIcon;
				INFOPLIST_FILE = QueryPhoneNumber/Info.plist;
				LD_RUNPATH_SEARCH_PATHS = "$(inherited) @executable_path/Frameworks";
				LIBRARY_SEARCH_PATHS = (
					"$(inherited)",
					"$(SDKROOT)/usr/lib/system",
				);
				PRODUCT_NAME = "$(TARGET_NAME)";
				SWIFT_OBJC_BRIDGING_HEADER = "Objective-CBridgingHeader.h";
			};
			name = Debug;
		};
		9DCA653F1B5E9606004A42F5 /* Release */ = {
			isa = XCBuildConfiguration;
			buildSettings = {
				ASSETCATALOG_COMPILER_APPICON_NAME = AppIcon;
				INFOPLIST_FILE = QueryPhoneNumber/Info.plist;
				LD_RUNPATH_SEARCH_PATHS = "$(inherited) @executable_path/Frameworks";
				LIBRARY_SEARCH_PATHS = (
					"$(inherited)",
					"$(SDKROOT)/usr/lib/system",
				);
				PRODUCT_NAME = "$(TARGET_NAME)";
				SWIFT_OBJC_BRIDGING_HEADER = "Objective-CBridgingHeader.h";
			};
			name = Release;
		};
		9DCA65411B5E9606004A42F5 /* Debug */ = {
			isa = XCBuildConfiguration;
			buildSettings = {
				BUNDLE_LOADER = "$(TEST_HOST)";
				FRAMEWORK_SEARCH_PATHS = (
					"$(SDKROOT)/Developer/Library/Frameworks",
					"$(inherited)",
				);
				GCC_PREPROCESSOR_DEFINITIONS = (
					"DEBUG=1",
					"$(inherited)",
				);
				INFOPLIST_FILE = QueryPhoneNumberTests/Info.plist;
				LD_RUNPATH_SEARCH_PATHS = "$(inherited) @executable_path/Frameworks @loader_path/Frameworks";
				PRODUCT_NAME = "$(TARGET_NAME)";
				TEST_HOST = "$(BUILT_PRODUCTS_DIR)/QueryPhoneNumber.app/QueryPhoneNumber";
			};
			name = Debug;
		};
		9DCA65421B5E9606004A42F5 /* Release */ = {
			isa = XCBuildConfiguration;
			buildSettings = {
				BUNDLE_LOADER = "$(TEST_HOST)";
				FRAMEWORK_SEARCH_PATHS = (
					"$(SDKROOT)/Developer/Library/Frameworks",
					"$(inherited)",
				);
				INFOPLIST_FILE = QueryPhoneNumberTests/Info.plist;
				LD_RUNPATH_SEARCH_PATHS = "$(inherited) @executable_path/Frameworks @loader_path/Frameworks";
				PRODUCT_NAME = "$(TARGET_NAME)";
				TEST_HOST = "$(BUILT_PRODUCTS_DIR)/QueryPhoneNumber.app/QueryPhoneNumber";
			};
			name = Release;
		};
/* End XCBuildConfiguration section */

/* Begin XCConfigurationList section */
		9DCA65191B5E9606004A42F5 /* Build configuration list for PBXProject "QueryPhoneNumber" */ = {
			isa = XCConfigurationList;
			buildConfigurations = (
				9DCA653B1B5E9606004A42F5 /* Debug */,
				9DCA653C1B5E9606004A42F5 /* Release */,
			);
			defaultConfigurationIsVisible = 0;
			defaultConfigurationName = Release;
		};
		9DCA653D1B5E9606004A42F5 /* Build configuration list for PBXNativeTarget "QueryPhoneNumber" */ = {
			isa = XCConfigurationList;
			buildConfigurations = (
				9DCA653E1B5E9606004A42F5 /* Debug */,
				9DCA653F1B5E9606004A42F5 /* Release */,
			);
			defaultConfigurationIsVisible = 0;
			defaultConfigurationName = Release;
		};
		9DCA65401B5E9606004A42F5 /* Build configuration list for PBXNativeTarget "QueryPhoneNumberTests" */ = {
			isa = XCConfigurationList;
			buildConfigurations = (
				9DCA65411B5E9606004A42F5 /* Debug */,
				9DCA65421B5E9606004A42F5 /* Release */,
			);
			defaultConfigurationIsVisible = 0;
			defaultConfigurationName = Release;
		};
/* End XCConfigurationList section */
	};
	rootObject = 9DCA65161B5E9606004A42F5 /* Project object */;
}
